
Microsoft Visual Studio Solution File, Format Version 12.00
# Visual Studio 15
VisualStudioVersion = 15.0.28010.2036
MinimumVisualStudioVersion = 10.0.40219.1
Project("{FAE04EC0-301F-11D3-BF4B-00C04F79EFBC}") = "Ant_Algorithm", "Ant_Algorithm\Ant_Algorithm.csproj", "{17EBCA25-BA30-4F49-8A78-D9EF4150692B}"
EndProject
Global
	GlobalSection(SolutionConfigurationPlatforms) = preSolution
		Debug|Any CPU = Debug|Any CPU
		Release|Any CPU = Release|Any CPU
	EndGlobalSection
	GlobalSection(ProjectConfigurationPlatforms) = postSolution
		{17EBCA25-BA30-4F49-8A78-D9EF4150692B}.Debug|Any CPU.ActiveCfg = Debug|Any CPU
		{17EBCA25-BA30-4F49-8A78-D9EF4150692B}.Debug|Any CPU.Build.0 = Debug|Any CPU
		{17EBCA25-BA30-4F49-8A78-D9EF4150692B}.Release|Any CPU.ActiveCfg = Release|Any CPU
		{17EBCA25-BA30-4F49-8A78-D9EF4150692B}.Release|Any CPU.Build.0 = Release|Any CPU
	EndGlobalSection
	GlobalSection(SolutionProperties) = preSolution
		HideSolutionNode = FALSE
	EndGlobalSection
	GlobalSection(ExtensibilityGlobals) = postSolution
		SolutionGuid = {2DAB6822-A6F0-4603-BE14-D63E3E2FB0BF}
	EndGlobalSection
EndGlobal
